
Microsoft Visual Studio Solution File, Format Version 12.00
# Visual Studio Version 17
VisualStudioVersion = 17.7.34003.232
MinimumVisualStudioVersion = 10.0.40219.1
Project("{9A19103F-16F7-4668-BE54-9A1E7A4F7556}") = "AuthServer.API", "AuthServer.API\AuthServer.API.csproj", "{2F0234B8-40DC-49A6-ABDB-4205C61A398C}"
EndProject
Project("{9A19103F-16F7-4668-BE54-9A1E7A4F7556}") = "AuthServer.Core", "AuthServer.Core\AuthServer.Core.csproj", "{DCE0C321-C399-4953-AE9A-24244A12A1D8}"
EndProject
Project("{9A19103F-16F7-4668-BE54-9A1E7A4F7556}") = "AuthServer.Data", "AuthServer.Data\AuthServer.Data.csproj", "{B7779B68-8721-467E-89A9-FDE7F72FF278}"
EndProject
Project("{9A19103F-16F7-4668-BE54-9A1E7A4F7556}") = "AuthServer.Service", "AuthServer.Service\AuthServer.Service.csproj", "{E7786090-9297-45A8-99C3-0532C49B273D}"
EndProject
Global
	GlobalSection(SolutionConfigurationPlatforms) = preSolution
		Debug|Any CPU = Debug|Any CPU
		Release|Any CPU = Release|Any CPU
	EndGlobalSection
	GlobalSection(ProjectConfigurationPlatforms) = postSolution
		{2F0234B8-40DC-49A6-ABDB-4205C61A398C}.Debug|Any CPU.ActiveCfg = Debug|Any CPU
		{2F0234B8-40DC-49A6-ABDB-4205C61A398C}.Debug|Any CPU.Build.0 = Debug|Any CPU
		{2F0234B8-40DC-49A6-ABDB-4205C61A398C}.Release|Any CPU.ActiveCfg = Release|Any CPU
		{2F0234B8-40DC-49A6-ABDB-4205C61A398C}.Release|Any CPU.Build.0 = Release|Any CPU
		{DCE0C321-C399-4953-AE9A-24244A12A1D8}.Debug|Any CPU.ActiveCfg = Debug|Any CPU
		{DCE0C321-C399-4953-AE9A-24244A12A1D8}.Debug|Any CPU.Build.0 = Debug|Any CPU
		{DCE0C321-C399-4953-AE9A-24244A12A1D8}.Release|Any CPU.ActiveCfg = Release|Any CPU
		{DCE0C321-C399-4953-AE9A-24244A12A1D8}.Release|Any CPU.Build.0 = Release|Any CPU
		{B7779B68-8721-467E-89A9-FDE7F72FF278}.Debug|Any CPU.ActiveCfg = Debug|Any CPU
		{B7779B68-8721-467E-89A9-FDE7F72FF278}.Debug|Any CPU.Build.0 = Debug|Any CPU
		{B7779B68-8721-467E-89A9-FDE7F72FF278}.Release|Any CPU.ActiveCfg = Release|Any CPU
		{B7779B68-8721-467E-89A9-FDE7F72FF278}.Release|Any CPU.Build.0 = Release|Any CPU
		{E7786090-9297-45A8-99C3-0532C49B273D}.Debug|Any CPU.ActiveCfg = Debug|Any CPU
		{E7786090-9297-45A8-99C3-0532C49B273D}.Debug|Any CPU.Build.0 = Debug|Any CPU
		{E7786090-9297-45A8-99C3-0532C49B273D}.Release|Any CPU.ActiveCfg = Release|Any CPU
		{E7786090-9297-45A8-99C3-0532C49B273D}.Release|Any CPU.Build.0 = Release|Any CPU
	EndGlobalSection
	GlobalSection(SolutionProperties) = preSolution
		HideSolutionNode = FALSE
	EndGlobalSection
	GlobalSection(ExtensibilityGlobals) = postSolution
		SolutionGuid = {1EEC6BDE-35CF-4BA3-8753-DD9715B0703B}
	EndGlobalSection
EndGlobal
